
Microsoft Visual Studio Solution File, Format Version 12.00
# Visual Studio Version 17
VisualStudioVersion = 17.3.32505.426
MinimumVisualStudioVersion = 10.0.40219.1
Project("{FAE04EC0-301F-11D3-BF4B-00C04F79EFBC}") = "IMS.WebApp", "IMS.WebApp\IMS.WebApp.csproj", "{621E7C00-3B9E-4E8F-94B0-A3425AA47615}"
EndProject
Global
	GlobalSection(SolutionConfigurationPlatforms) = preSolution
		Debug|Any CPU = Debug|Any CPU
		Release|Any CPU = Release|Any CPU
	EndGlobalSection
	GlobalSection(ProjectConfigurationPlatforms) = postSolution
		{621E7C00-3B9E-4E8F-94B0-A3425AA47615}.Debug|Any CPU.ActiveCfg = Debug|Any CPU
		{621E7C00-3B9E-4E8F-94B0-A3425AA47615}.Debug|Any CPU.Build.0 = Debug|Any CPU
		{621E7C00-3B9E-4E8F-94B0-A3425AA47615}.Release|Any CPU.ActiveCfg = Release|Any CPU
		{621E7C00-3B9E-4E8F-94B0-A3425AA47615}.Release|Any CPU.Build.0 = Release|Any CPU
	EndGlobalSection
	GlobalSection(SolutionProperties) = preSolution
		HideSolutionNode = FALSE
	EndGlobalSection
	GlobalSection(ExtensibilityGlobals) = postSolution
		SolutionGuid = {54644FEC-D9D0-4690-9150-72300E0F1A1C}
	EndGlobalSection
EndGlobal
